
Microsoft Visual Studio Solution File, Format Version 12.00
# Visual Studio Version 16
VisualStudioVersion = 16.0.32802.440
MinimumVisualStudioVersion = 10.0.40219.1
Project("{FAE04EC0-301F-11D3-BF4B-00C04F79EFBC}") = "Trycatch", "Trycatch.csproj", "{FD51ADB3-C6C6-46D7-84F0-B958BA8771CC}"
EndProject
Global
	GlobalSection(SolutionConfigurationPlatforms) = preSolution
		Debug|Any CPU = Debug|Any CPU
		Release|Any CPU = Release|Any CPU
	EndGlobalSection
	GlobalSection(ProjectConfigurationPlatforms) = postSolution
		{FD51ADB3-C6C6-46D7-84F0-B958BA8771CC}.Debug|Any CPU.ActiveCfg = Debug|Any CPU
		{FD51ADB3-C6C6-46D7-84F0-B958BA8771CC}.Debug|Any CPU.Build.0 = Debug|Any CPU
		{FD51ADB3-C6C6-46D7-84F0-B958BA8771CC}.Release|Any CPU.ActiveCfg = Release|Any CPU
		{FD51ADB3-C6C6-46D7-84F0-B958BA8771CC}.Release|Any CPU.Build.0 = Release|Any CPU
	EndGlobalSection
	GlobalSection(SolutionProperties) = preSolution
		HideSolutionNode = FALSE
	EndGlobalSection
	GlobalSection(ExtensibilityGlobals) = postSolution
		SolutionGuid = {4BC376DA-A406-4251-8E15-AC457FCD8723}
	EndGlobalSection
EndGlobal
